
Microsoft Visual Studio Solution File, Format Version 12.00
# Visual Studio Version 16
VisualStudioVersion = 16.0.30011.22
MinimumVisualStudioVersion = 10.0.40219.1
Project("{FAE04EC0-301F-11D3-BF4B-00C04F79EFBC}") = "Zdrowy Spacer.Android", "Zdrowy Spacer\Zdrowy Spacer.Android\Zdrowy Spacer.Android.csproj", "{C34C80AD-DD52-4F7C-A4C3-4737F233C2BA}"
EndProject
Project("{FAE04EC0-301F-11D3-BF4B-00C04F79EFBC}") = "Zdrowy Spacer.iOS", "Zdrowy Spacer\Zdrowy Spacer.iOS\Zdrowy Spacer.iOS.csproj", "{8FB5DDA6-4DA7-4782-A944-05A09D86E38D}"
EndProject
Project("{FAE04EC0-301F-11D3-BF4B-00C04F79EFBC}") = "Zdrowy Spacer", "Zdrowy Spacer\Zdrowy Spacer\Zdrowy Spacer.csproj", "{0ABFFD5C-4F32-4BCA-BC68-6EDC8222AC51}"
EndProject
Global
	GlobalSection(SolutionConfigurationPlatforms) = preSolution
		Debug|Any CPU = Debug|Any CPU
		Debug|iPhone = Debug|iPhone
		Debug|iPhoneSimulator = Debug|iPhoneSimulator
		Release|Any CPU = Release|Any CPU
		Release|iPhone = Release|iPhone
		Release|iPhoneSimulator = Release|iPhoneSimulator
	EndGlobalSection
	GlobalSection(ProjectConfigurationPlatforms) = postSolution
		{C34C80AD-DD52-4F7C-A4C3-4737F233C2BA}.Debug|Any CPU.ActiveCfg = Debug|Any CPU
		{C34C80AD-DD52-4F7C-A4C3-4737F233C2BA}.Debug|Any CPU.Build.0 = Debug|Any CPU
		{C34C80AD-DD52-4F7C-A4C3-4737F233C2BA}.Debug|Any CPU.Deploy.0 = Debug|Any CPU
		{C34C80AD-DD52-4F7C-A4C3-4737F233C2BA}.Debug|iPhone.ActiveCfg = Debug|Any CPU
		{C34C80AD-DD52-4F7C-A4C3-4737F233C2BA}.Debug|iPhone.Build.0 = Debug|Any CPU
		{C34C80AD-DD52-4F7C-A4C3-4737F233C2BA}.Debug|iPhone.Deploy.0 = Debug|Any CPU
		{C34C80AD-DD52-4F7C-A4C3-4737F233C2BA}.Debug|iPhoneSimulator.ActiveCfg = Debug|Any CPU
		{C34C80AD-DD52-4F7C-A4C3-4737F233C2BA}.Debug|iPhoneSimulator.Build.0 = Debug|Any CPU
		{C34C80AD-DD52-4F7C-A4C3-4737F233C2BA}.Debug|iPhoneSimulator.Deploy.0 = Debug|Any CPU
		{C34C80AD-DD52-4F7C-A4C3-4737F233C2BA}.Release|Any CPU.ActiveCfg = Release|Any CPU
		{C34C80AD-DD52-4F7C-A4C3-4737F233C2BA}.Release|Any CPU.Build.0 = Release|Any CPU
		{C34C80AD-DD52-4F7C-A4C3-4737F233C2BA}.Release|Any CPU.Deploy.0 = Release|Any CPU
		{C34C80AD-DD52-4F7C-A4C3-4737F233C2BA}.Release|iPhone.ActiveCfg = Release|Any CPU
		{C34C80AD-DD52-4F7C-A4C3-4737F233C2BA}.Release|iPhone.Build.0 = Release|Any CPU
		{C34C80AD-DD52-4F7C-A4C3-4737F233C2BA}.Release|iPhone.Deploy.0 = Release|Any CPU
		{C34C80AD-DD52-4F7C-A4C3-4737F233C2BA}.Release|iPhoneSimulator.ActiveCfg = Release|Any CPU
		{C34C80AD-DD52-4F7C-A4C3-4737F233C2BA}.Release|iPhoneSimulator.Build.0 = Release|Any CPU
		{C34C80AD-DD52-4F7C-A4C3-4737F233C2BA}.Release|iPhoneSimulator.Deploy.0 = Release|Any CPU
		{8FB5DDA6-4DA7-4782-A944-05A09D86E38D}.Debug|Any CPU.ActiveCfg = Debug|iPhone
		{8FB5DDA6-4DA7-4782-A944-05A09D86E38D}.Debug|Any CPU.Build.0 = Debug|iPhone
		{8FB5DDA6-4DA7-4782-A944-05A09D86E38D}.Debug|Any CPU.Deploy.0 = Debug|iPhone
		{8FB5DDA6-4DA7-4782-A944-05A09D86E38D}.Debug|iPhone.ActiveCfg = Debug|iPhone
		{8FB5DDA6-4DA7-4782-A944-05A09D86E38D}.Debug|iPhone.Build.0 = Debug|iPhone
		{8FB5DDA6-4DA7-4782-A944-05A09D86E38D}.Debug|iPhone.Deploy.0 = Debug|iPhone
		{8FB5DDA6-4DA7-4782-A944-05A09D86E38D}.Debug|iPhoneSimulator.ActiveCfg = Debug|iPhoneSimulator
		{8FB5DDA6-4DA7-4782-A944-05A09D86E38D}.Debug|iPhoneSimulator.Build.0 = Debug|iPhoneSimulator
		{8FB5DDA6-4DA7-4782-A944-05A09D86E38D}.Debug|iPhoneSimulator.Deploy.0 = Debug|iPhoneSimulator
		{8FB5DDA6-4DA7-4782-A944-05A09D86E38D}.Release|Any CPU.ActiveCfg = Release|iPhone
		{8FB5DDA6-4DA7-4782-A944-05A09D86E38D}.Release|Any CPU.Build.0 = Release|iPhone
		{8FB5DDA6-4DA7-4782-A944-05A09D86E38D}.Release|Any CPU.Deploy.0 = Release|iPhone
		{8FB5DDA6-4DA7-4782-A944-05A09D86E38D}.Release|iPhone.ActiveCfg = Release|iPhone
		{8FB5DDA6-4DA7-4782-A944-05A09D86E38D}.Release|iPhone.Build.0 = Release|iPhone
		{8FB5DDA6-4DA7-4782-A944-05A09D86E38D}.Release|iPhone.Deploy.0 = Release|iPhone
		{8FB5DDA6-4DA7-4782-A944-05A09D86E38D}.Release|iPhoneSimulator.ActiveCfg = Release|iPhoneSimulator
		{8FB5DDA6-4DA7-4782-A944-05A09D86E38D}.Release|iPhoneSimulator.Build.0 = Release|iPhoneSimulator
		{8FB5DDA6-4DA7-4782-A944-05A09D86E38D}.Release|iPhoneSimulator.Deploy.0 = Release|iPhoneSimulator
		{0ABFFD5C-4F32-4BCA-BC68-6EDC8222AC51}.Debug|Any CPU.ActiveCfg = Debug|Any CPU
		{0ABFFD5C-4F32-4BCA-BC68-6EDC8222AC51}.Debug|Any CPU.Build.0 = Debug|Any CPU
		{0ABFFD5C-4F32-4BCA-BC68-6EDC8222AC51}.Debug|Any CPU.Deploy.0 = Debug|Any CPU
		{0ABFFD5C-4F32-4BCA-BC68-6EDC8222AC51}.Debug|iPhone.ActiveCfg = Debug|Any CPU
		{0ABFFD5C-4F32-4BCA-BC68-6EDC8222AC51}.Debug|iPhone.Build.0 = Debug|Any CPU
		{0ABFFD5C-4F32-4BCA-BC68-6EDC8222AC51}.Debug|iPhone.Deploy.0 = Debug|Any CPU
		{0ABFFD5C-4F32-4BCA-BC68-6EDC8222AC51}.Debug|iPhoneSimulator.ActiveCfg = Debug|Any CPU
		{0ABFFD5C-4F32-4BCA-BC68-6EDC8222AC51}.Debug|iPhoneSimulator.Build.0 = Debug|Any CPU
		{0ABFFD5C-4F32-4BCA-BC68-6EDC8222AC51}.Debug|iPhoneSimulator.Deploy.0 = Debug|Any CPU
		{0ABFFD5C-4F32-4BCA-BC68-6EDC8222AC51}.Release|Any CPU.ActiveCfg = Release|Any CPU
		{0ABFFD5C-4F32-4BCA-BC68-6EDC8222AC51}.Release|Any CPU.Build.0 = Release|Any CPU
		{0ABFFD5C-4F32-4BCA-BC68-6EDC8222AC51}.Release|Any CPU.Deploy.0 = Release|Any CPU
		{0ABFFD5C-4F32-4BCA-BC68-6EDC8222AC51}.Release|iPhone.ActiveCfg = Release|Any CPU
		{0ABFFD5C-4F32-4BCA-BC68-6EDC8222AC51}.Release|iPhone.Build.0 = Release|Any CPU
		{0ABFFD5C-4F32-4BCA-BC68-6EDC8222AC51}.Release|iPhone.Deploy.0 = Release|Any CPU
		{0ABFFD5C-4F32-4BCA-BC68-6EDC8222AC51}.Release|iPhoneSimulator.ActiveCfg = Release|Any CPU
		{0ABFFD5C-4F32-4BCA-BC68-6EDC8222AC51}.Release|iPhoneSimulator.Build.0 = Release|Any CPU
		{0ABFFD5C-4F32-4BCA-BC68-6EDC8222AC51}.Release|iPhoneSimulator.Deploy.0 = Release|Any CPU
	EndGlobalSection
	GlobalSection(SolutionProperties) = preSolution
		HideSolutionNode = FALSE
	EndGlobalSection
	GlobalSection(ExtensibilityGlobals) = postSolution
		SolutionGuid = {45BBF823-0805-4B38-8AB3-CE9CF062DCDB}
	EndGlobalSection
EndGlobal
