
Microsoft Visual Studio Solution File, Format Version 12.00
# Visual Studio Version 16
VisualStudioVersion = 16.0.30011.22
MinimumVisualStudioVersion = 10.0.40219.1
Project("{FAE04EC0-301F-11D3-BF4B-00C04F79EFBC}") = "Zdrowy_Spacer_forms.Android", "Zdrowy_Spacer_forms\Zdrowy_Spacer_forms.Android\Zdrowy_Spacer_forms.Android.csproj", "{5A310615-7DF0-4BA0-A150-6D859AE037A8}"
EndProject
Project("{FAE04EC0-301F-11D3-BF4B-00C04F79EFBC}") = "Zdrowy_Spacer_forms.iOS", "Zdrowy_Spacer_forms\Zdrowy_Spacer_forms.iOS\Zdrowy_Spacer_forms.iOS.csproj", "{1981E5D3-D6E1-4723-B12E-FF3ED959C891}"
EndProject
Project("{FAE04EC0-301F-11D3-BF4B-00C04F79EFBC}") = "Zdrowy_Spacer_forms", "Zdrowy_Spacer_forms\Zdrowy_Spacer_forms\Zdrowy_Spacer_forms.csproj", "{268EEDFF-5156-4D69-AE06-B4B0C9461466}"
EndProject
Global
	GlobalSection(SolutionConfigurationPlatforms) = preSolution
		Debug|Any CPU = Debug|Any CPU
		Debug|iPhone = Debug|iPhone
		Debug|iPhoneSimulator = Debug|iPhoneSimulator
		Release|Any CPU = Release|Any CPU
		Release|iPhone = Release|iPhone
		Release|iPhoneSimulator = Release|iPhoneSimulator
	EndGlobalSection
	GlobalSection(ProjectConfigurationPlatforms) = postSolution
		{5A310615-7DF0-4BA0-A150-6D859AE037A8}.Debug|Any CPU.ActiveCfg = Debug|Any CPU
		{5A310615-7DF0-4BA0-A150-6D859AE037A8}.Debug|Any CPU.Build.0 = Debug|Any CPU
		{5A310615-7DF0-4BA0-A150-6D859AE037A8}.Debug|Any CPU.Deploy.0 = Debug|Any CPU
		{5A310615-7DF0-4BA0-A150-6D859AE037A8}.Debug|iPhone.ActiveCfg = Debug|Any CPU
		{5A310615-7DF0-4BA0-A150-6D859AE037A8}.Debug|iPhone.Build.0 = Debug|Any CPU
		{5A310615-7DF0-4BA0-A150-6D859AE037A8}.Debug|iPhone.Deploy.0 = Debug|Any CPU
		{5A310615-7DF0-4BA0-A150-6D859AE037A8}.Debug|iPhoneSimulator.ActiveCfg = Debug|Any CPU
		{5A310615-7DF0-4BA0-A150-6D859AE037A8}.Debug|iPhoneSimulator.Build.0 = Debug|Any CPU
		{5A310615-7DF0-4BA0-A150-6D859AE037A8}.Debug|iPhoneSimulator.Deploy.0 = Debug|Any CPU
		{5A310615-7DF0-4BA0-A150-6D859AE037A8}.Release|Any CPU.ActiveCfg = Release|Any CPU
		{5A310615-7DF0-4BA0-A150-6D859AE037A8}.Release|Any CPU.Build.0 = Release|Any CPU
		{5A310615-7DF0-4BA0-A150-6D859AE037A8}.Release|Any CPU.Deploy.0 = Release|Any CPU
		{5A310615-7DF0-4BA0-A150-6D859AE037A8}.Release|iPhone.ActiveCfg = Release|Any CPU
		{5A310615-7DF0-4BA0-A150-6D859AE037A8}.Release|iPhone.Build.0 = Release|Any CPU
		{5A310615-7DF0-4BA0-A150-6D859AE037A8}.Release|iPhone.Deploy.0 = Release|Any CPU
		{5A310615-7DF0-4BA0-A150-6D859AE037A8}.Release|iPhoneSimulator.ActiveCfg = Release|Any CPU
		{5A310615-7DF0-4BA0-A150-6D859AE037A8}.Release|iPhoneSimulator.Build.0 = Release|Any CPU
		{5A310615-7DF0-4BA0-A150-6D859AE037A8}.Release|iPhoneSimulator.Deploy.0 = Release|Any CPU
		{1981E5D3-D6E1-4723-B12E-FF3ED959C891}.Debug|Any CPU.ActiveCfg = Debug|iPhone
		{1981E5D3-D6E1-4723-B12E-FF3ED959C891}.Debug|Any CPU.Build.0 = Debug|iPhone
		{1981E5D3-D6E1-4723-B12E-FF3ED959C891}.Debug|Any CPU.Deploy.0 = Debug|iPhone
		{1981E5D3-D6E1-4723-B12E-FF3ED959C891}.Debug|iPhone.ActiveCfg = Debug|iPhone
		{1981E5D3-D6E1-4723-B12E-FF3ED959C891}.Debug|iPhone.Build.0 = Debug|iPhone
		{1981E5D3-D6E1-4723-B12E-FF3ED959C891}.Debug|iPhone.Deploy.0 = Debug|iPhone
		{1981E5D3-D6E1-4723-B12E-FF3ED959C891}.Debug|iPhoneSimulator.ActiveCfg = Debug|iPhoneSimulator
		{1981E5D3-D6E1-4723-B12E-FF3ED959C891}.Debug|iPhoneSimulator.Build.0 = Debug|iPhoneSimulator
		{1981E5D3-D6E1-4723-B12E-FF3ED959C891}.Debug|iPhoneSimulator.Deploy.0 = Debug|iPhoneSimulator
		{1981E5D3-D6E1-4723-B12E-FF3ED959C891}.Release|Any CPU.ActiveCfg = Release|iPhone
		{1981E5D3-D6E1-4723-B12E-FF3ED959C891}.Release|Any CPU.Build.0 = Release|iPhone
		{1981E5D3-D6E1-4723-B12E-FF3ED959C891}.Release|Any CPU.Deploy.0 = Release|iPhone
		{1981E5D3-D6E1-4723-B12E-FF3ED959C891}.Release|iPhone.ActiveCfg = Release|iPhone
		{1981E5D3-D6E1-4723-B12E-FF3ED959C891}.Release|iPhone.Build.0 = Release|iPhone
		{1981E5D3-D6E1-4723-B12E-FF3ED959C891}.Release|iPhone.Deploy.0 = Release|iPhone
		{1981E5D3-D6E1-4723-B12E-FF3ED959C891}.Release|iPhoneSimulator.ActiveCfg = Release|iPhoneSimulator
		{1981E5D3-D6E1-4723-B12E-FF3ED959C891}.Release|iPhoneSimulator.Build.0 = Release|iPhoneSimulator
		{1981E5D3-D6E1-4723-B12E-FF3ED959C891}.Release|iPhoneSimulator.Deploy.0 = Release|iPhoneSimulator
		{268EEDFF-5156-4D69-AE06-B4B0C9461466}.Debug|Any CPU.ActiveCfg = Debug|Any CPU
		{268EEDFF-5156-4D69-AE06-B4B0C9461466}.Debug|Any CPU.Build.0 = Debug|Any CPU
		{268EEDFF-5156-4D69-AE06-B4B0C9461466}.Debug|Any CPU.Deploy.0 = Debug|Any CPU
		{268EEDFF-5156-4D69-AE06-B4B0C9461466}.Debug|iPhone.ActiveCfg = Debug|Any CPU
		{268EEDFF-5156-4D69-AE06-B4B0C9461466}.Debug|iPhone.Build.0 = Debug|Any CPU
		{268EEDFF-5156-4D69-AE06-B4B0C9461466}.Debug|iPhone.Deploy.0 = Debug|Any CPU
		{268EEDFF-5156-4D69-AE06-B4B0C9461466}.Debug|iPhoneSimulator.ActiveCfg = Debug|Any CPU
		{268EEDFF-5156-4D69-AE06-B4B0C9461466}.Debug|iPhoneSimulator.Build.0 = Debug|Any CPU
		{268EEDFF-5156-4D69-AE06-B4B0C9461466}.Debug|iPhoneSimulator.Deploy.0 = Debug|Any CPU
		{268EEDFF-5156-4D69-AE06-B4B0C9461466}.Release|Any CPU.ActiveCfg = Release|Any CPU
		{268EEDFF-5156-4D69-AE06-B4B0C9461466}.Release|Any CPU.Build.0 = Release|Any CPU
		{268EEDFF-5156-4D69-AE06-B4B0C9461466}.Release|Any CPU.Deploy.0 = Release|Any CPU
		{268EEDFF-5156-4D69-AE06-B4B0C9461466}.Release|iPhone.ActiveCfg = Release|Any CPU
		{268EEDFF-5156-4D69-AE06-B4B0C9461466}.Release|iPhone.Build.0 = Release|Any CPU
		{268EEDFF-5156-4D69-AE06-B4B0C9461466}.Release|iPhone.Deploy.0 = Release|Any CPU
		{268EEDFF-5156-4D69-AE06-B4B0C9461466}.Release|iPhoneSimulator.ActiveCfg = Release|Any CPU
		{268EEDFF-5156-4D69-AE06-B4B0C9461466}.Release|iPhoneSimulator.Build.0 = Release|Any CPU
		{268EEDFF-5156-4D69-AE06-B4B0C9461466}.Release|iPhoneSimulator.Deploy.0 = Release|Any CPU
	EndGlobalSection
	GlobalSection(SolutionProperties) = preSolution
		HideSolutionNode = FALSE
	EndGlobalSection
	GlobalSection(ExtensibilityGlobals) = postSolution
		SolutionGuid = {1E831D6B-E08A-417D-B390-FCBF3147530F}
	EndGlobalSection
EndGlobal
